
Microsoft Visual Studio Solution File, Format Version 12.00
# Visual Studio Version 16
VisualStudioVersion = 16.0.33423.256
MinimumVisualStudioVersion = 10.0.40219.1
Project("{FAE04EC0-301F-11D3-BF4B-00C04F79EFBC}") = "TP-WinForm-Eq17", "TP-WinForm-Eq17.csproj", "{C8ED38C5-047F-415B-9826-EAB3B072B18E}"
EndProject
Project("{FAE04EC0-301F-11D3-BF4B-00C04F79EFBC}") = "dominio", "..\dominio\dominio.csproj", "{2DF0CA7E-BFAD-4C6F-A26B-01BD1CEA89C7}"
EndProject
Project("{FAE04EC0-301F-11D3-BF4B-00C04F79EFBC}") = "negocio", "..\negocio\negocio.csproj", "{5761F526-9E8F-4E2A-8E92-03F685142814}"
EndProject
Global
	GlobalSection(SolutionConfigurationPlatforms) = preSolution
		Debug|Any CPU = Debug|Any CPU
		Release|Any CPU = Release|Any CPU
	EndGlobalSection
	GlobalSection(ProjectConfigurationPlatforms) = postSolution
		{C8ED38C5-047F-415B-9826-EAB3B072B18E}.Debug|Any CPU.ActiveCfg = Debug|Any CPU
		{C8ED38C5-047F-415B-9826-EAB3B072B18E}.Debug|Any CPU.Build.0 = Debug|Any CPU
		{C8ED38C5-047F-415B-9826-EAB3B072B18E}.Release|Any CPU.ActiveCfg = Release|Any CPU
		{C8ED38C5-047F-415B-9826-EAB3B072B18E}.Release|Any CPU.Build.0 = Release|Any CPU
		{2DF0CA7E-BFAD-4C6F-A26B-01BD1CEA89C7}.Debug|Any CPU.ActiveCfg = Debug|Any CPU
		{2DF0CA7E-BFAD-4C6F-A26B-01BD1CEA89C7}.Debug|Any CPU.Build.0 = Debug|Any CPU
		{2DF0CA7E-BFAD-4C6F-A26B-01BD1CEA89C7}.Release|Any CPU.ActiveCfg = Release|Any CPU
		{2DF0CA7E-BFAD-4C6F-A26B-01BD1CEA89C7}.Release|Any CPU.Build.0 = Release|Any CPU
		{5761F526-9E8F-4E2A-8E92-03F685142814}.Debug|Any CPU.ActiveCfg = Debug|Any CPU
		{5761F526-9E8F-4E2A-8E92-03F685142814}.Debug|Any CPU.Build.0 = Debug|Any CPU
		{5761F526-9E8F-4E2A-8E92-03F685142814}.Release|Any CPU.ActiveCfg = Release|Any CPU
		{5761F526-9E8F-4E2A-8E92-03F685142814}.Release|Any CPU.Build.0 = Release|Any CPU
	EndGlobalSection
	GlobalSection(SolutionProperties) = preSolution
		HideSolutionNode = FALSE
	EndGlobalSection
	GlobalSection(ExtensibilityGlobals) = postSolution
		SolutionGuid = {0408D2CB-1A42-4108-8D60-F4F469741494}
	EndGlobalSection
EndGlobal
